<Solution>
  <Folder Name="/src/">
    <Project Path="src/ZMS.MCP.Cli/ZMS.MCP.Cli.csproj" />
    <Project Path="src/ZMS.MCP.Csharp/ZMS.MCP.Csharp.csproj" />
  </Folder>
  <Folder Name="/test/">
    <Project Path="test/ZMS.MCP.Test/ZMS.MCP.Test.csproj" />
    <Project Path="test/ZMS.MCP.Csharp.Test/ZMS.MCP.Csharp.Test.csproj" />
  </Folder>
</Solution>
